PODS:
  - AbloyCuBeMobileSDK-Debug (2.1.0):
    - AnyCodable-FlightSchool (~> 0.6)
    - CBORCoding (~> 1.4.0)
    - DatadogCore (~> 3.0.0)
    - DatadogLogs (~> 3.0.0)
  - AbloyCuBeMobileSDK-Release (2.1.0):
    - AnyCodable-FlightSchool (~> 0.6)
    - CBORCoding (~> 1.4.0)
    - DatadogCore (~> 3.0.0)
    - DatadogLogs (~> 3.0.0)
  - AnyCodable-FlightSchool (0.6.7)
  - CBORCoding (1.4.0):
    - Half (~> 1.4)
  - DatadogCore (3.0.0):
    - DatadogInternal (= 3.0.0)
  - DatadogInternal (3.0.0)
  - DatadogLogs (3.0.0):
    - DatadogInternal (= 3.0.0)
  - Half (1.4.2)

DEPENDENCIES:
  - AbloyCuBeMobileSDK-Debug (from `../abloy-mobile-sdk-ios-2.1.0`)
  - AbloyCuBeMobileSDK-Release (from `../abloy-mobile-sdk-ios-2.1.0`)

SPEC REPOS:
  trunk:
    - AnyCodable-FlightSchool
    - CBORCoding
    - DatadogCore
    - DatadogInternal
    - DatadogLogs
    - Half

EXTERNAL SOURCES:
  AbloyCuBeMobileSDK-Debug:
    :path: "../abloy-mobile-sdk-ios-2.1.0"
  AbloyCuBeMobileSDK-Release:
    :path: "../abloy-mobile-sdk-ios-2.1.0"

SPEC CHECKSUMS:
  AbloyCuBeMobileSDK-Debug: 9bc08b3f45fe094ebb0aa00d65dc0fe3d790f79c
  AbloyCuBeMobileSDK-Release: 38f6f5d18136952580921dbe06dcfad8c9ea3174
  AnyCodable-FlightSchool: 261cbe76757802b17d471b9059b21e6fa5edf57b
  CBORCoding: ce4f4dd501db2e7b26697b2eb0f3e6535ca109a1
  DatadogCore: 0c39ba4ef3dee02071f235f2fb56af7e29f4ceb0
  DatadogInternal: 442673a7fb5329299b489b91ed705aa2085380f7
  DatadogLogs: 0146a0e3140ba62fd42729593c0910d692aea5fd
  Half: f63c2cbdb8a8d9f5064edcf43057148d75f4b750

PODFILE CHECKSUM: 584685e561f25444b4541354c73c57cb4f0be82c

COCOAPODS: 1.16.2
